
Microsoft Visual Studio Solution File, Format Version 12.00
# Visual Studio Version 17
VisualStudioVersion = 17.11.35222.181
MinimumVisualStudioVersion = 10.0.40219.1
Project("{FAE04EC0-301F-11D3-BF4B-00C04F79EFBC}") = "ProcessDemo", "ProcessDemo\ProcessDemo.csproj", "{43F41910-8A4C-425A-AF85-E6A3ECF2879F}"
EndProject
Global
	GlobalSection(SolutionConfigurationPlatforms) = preSolution
		Debug|Any CPU = Debug|Any CPU
		Release|Any CPU = Release|Any CPU
	EndGlobalSection
	GlobalSection(ProjectConfigurationPlatforms) = postSolution
		{43F41910-8A4C-425A-AF85-E6A3ECF2879F}.Debug|Any CPU.ActiveCfg = Debug|Any CPU
		{43F41910-8A4C-425A-AF85-E6A3ECF2879F}.Debug|Any CPU.Build.0 = Debug|Any CPU
		{43F41910-8A4C-425A-AF85-E6A3ECF2879F}.Release|Any CPU.ActiveCfg = Release|Any CPU
		{43F41910-8A4C-425A-AF85-E6A3ECF2879F}.Release|Any CPU.Build.0 = Release|Any CPU
	EndGlobalSection
	GlobalSection(SolutionProperties) = preSolution
		HideSolutionNode = FALSE
	EndGlobalSection
	GlobalSection(ExtensibilityGlobals) = postSolution
		SolutionGuid = {61411066-CD9C-4510-AD6B-A9E7134B2DE6}
	EndGlobalSection
EndGlobal
